
Microsoft Visual Studio Solution File, Format Version 12.00
# Visual Studio 14
VisualStudioVersion = 14.0.25420.1
MinimumVisualStudioVersion = 10.0.40219.1
Project("{FAE04EC0-301F-11D3-BF4B-00C04F79EFBC}") = "WorkFlowBilling", "WorkFlowBilling\WorkFlowBilling.csproj", "{4CD2B818-D917-4810-88F6-52D21027B405}"
EndProject
Project("{FAE04EC0-301F-11D3-BF4B-00C04F79EFBC}") = "WorkFlowBilling.IoC.Tests", "WorkFlowBilling.IoC.Tests\WorkFlowBilling.IoC.Tests.csproj", "{C421C240-BF71-4B72-8378-B9C14830FD83}"
EndProject
Project("{FAE04EC0-301F-11D3-BF4B-00C04F79EFBC}") = "WorkFlowBilling.IoC", "WorkFlowBilling.IoC\WorkFlowBilling.IoC.csproj", "{100E670F-EB86-4BD7-AF10-FBFB5CC642B7}"
EndProject
Project("{FAE04EC0-301F-11D3-BF4B-00C04F79EFBC}") = "WorkFlowBilling.Common", "WorkFlowBilling.Common\WorkFlowBilling.Common.csproj", "{E83346FB-C83E-46A4-BEC0-6061F812486C}"
EndProject
Project("{FAE04EC0-301F-11D3-BF4B-00C04F79EFBC}") = "WorkFlowBilling.Common.Tests", "WorkFlowBilling.Common.Tests\WorkFlowBilling.Common.Tests.csproj", "{688DBE87-2FED-49DE-9ED7-985815CF7B1B}"
EndProject
Project("{FAE04EC0-301F-11D3-BF4B-00C04F79EFBC}") = "WorkFlowBilling.Compiler", "WorkFlowBilling.Compiler\WorkFlowBilling.Compiler.csproj", "{5C2EF34F-E993-4FE0-9F34-7CBD94597F7C}"
EndProject
Project("{FAE04EC0-301F-11D3-BF4B-00C04F79EFBC}") = "WorkFlowBilling.Compiler.Impl", "WorkFlowBilling.Compiler.Impl\WorkFlowBilling.Compiler.Impl.csproj", "{D5644ACD-35BD-43B5-B713-065AB75E466E}"
EndProject
Project("{2150E333-8FDC-42A3-9474-1A3956D46DE8}") = "Compiler", "Compiler", "{FDE7052C-284D-4F5B-BB1C-EBFC9BCA9F63}"
EndProject
Project("{2150E333-8FDC-42A3-9474-1A3956D46DE8}") = "IoC", "IoC", "{2AA0F92A-E583-4AA5-A97A-BAB5499998B1}"
EndProject
Project("{2150E333-8FDC-42A3-9474-1A3956D46DE8}") = "Common", "Common", "{BDA2F661-C7DD-4CB4-9042-27552853CBC6}"
EndProject
Project("{FAE04EC0-301F-11D3-BF4B-00C04F79EFBC}") = "WorkFlowBilling.Compiler.Tests", "WorkFlowBilling.Compiler.Tests\WorkFlowBilling.Compiler.Tests.csproj", "{8703E6DD-BB66-487C-8F52-969AA65A0C71}"
EndProject
Project("{2150E333-8FDC-42A3-9474-1A3956D46DE8}") = "Logger", "Logger", "{D0412CCA-B653-42FE-BCF2-EC29836A5C75}"
EndProject
Project("{FAE04EC0-301F-11D3-BF4B-00C04F79EFBC}") = "WorkFlowBilling.Logger", "WorkFlowBilling.Logger\WorkFlowBilling.Logger.csproj", "{06583183-6490-4C9A-A259-6EB8BA93ED88}"
EndProject
Project("{FAE04EC0-301F-11D3-BF4B-00C04F79EFBC}") = "WorkFlowBilling.Logger.Impl", "WorkFlowBilling.Logger.Impl\WorkFlowBilling.Logger.Impl.csproj", "{85271377-7925-4D0D-9677-5BBD9844952D}"
EndProject
Project("{FAE04EC0-301F-11D3-BF4B-00C04F79EFBC}") = "WorkFlowBilling.Logger.FunctionalTests", "WorkFlowBilling.Logger.Tests\WorkFlowBilling.Logger.FunctionalTests.csproj", "{46B78B06-93F1-4125-89F0-3A8D0DCC13B0}"
EndProject
Global
	GlobalSection(SolutionConfigurationPlatforms) = preSolution
		Debug|Any CPU = Debug|Any CPU
		Release|Any CPU = Release|Any CPU
	EndGlobalSection
	GlobalSection(ProjectConfigurationPlatforms) = postSolution
		{4CD2B818-D917-4810-88F6-52D21027B405}.Debug|Any CPU.ActiveCfg = Debug|Any CPU
		{4CD2B818-D917-4810-88F6-52D21027B405}.Debug|Any CPU.Build.0 = Debug|Any CPU
		{4CD2B818-D917-4810-88F6-52D21027B405}.Release|Any CPU.ActiveCfg = Release|Any CPU
		{4CD2B818-D917-4810-88F6-52D21027B405}.Release|Any CPU.Build.0 = Release|Any CPU
		{C421C240-BF71-4B72-8378-B9C14830FD83}.Debug|Any CPU.ActiveCfg = Debug|Any CPU
		{C421C240-BF71-4B72-8378-B9C14830FD83}.Debug|Any CPU.Build.0 = Debug|Any CPU
		{C421C240-BF71-4B72-8378-B9C14830FD83}.Release|Any CPU.ActiveCfg = Release|Any CPU
		{C421C240-BF71-4B72-8378-B9C14830FD83}.Release|Any CPU.Build.0 = Release|Any CPU
		{100E670F-EB86-4BD7-AF10-FBFB5CC642B7}.Debug|Any CPU.ActiveCfg = Debug|Any CPU
		{100E670F-EB86-4BD7-AF10-FBFB5CC642B7}.Debug|Any CPU.Build.0 = Debug|Any CPU
		{100E670F-EB86-4BD7-AF10-FBFB5CC642B7}.Release|Any CPU.ActiveCfg = Release|Any CPU
		{100E670F-EB86-4BD7-AF10-FBFB5CC642B7}.Release|Any CPU.Build.0 = Release|Any CPU
		{E83346FB-C83E-46A4-BEC0-6061F812486C}.Debug|Any CPU.ActiveCfg = Debug|Any CPU
		{E83346FB-C83E-46A4-BEC0-6061F812486C}.Debug|Any CPU.Build.0 = Debug|Any CPU
		{E83346FB-C83E-46A4-BEC0-6061F812486C}.Release|Any CPU.ActiveCfg = Release|Any CPU
		{E83346FB-C83E-46A4-BEC0-6061F812486C}.Release|Any CPU.Build.0 = Release|Any CPU
		{688DBE87-2FED-49DE-9ED7-985815CF7B1B}.Debug|Any CPU.ActiveCfg = Debug|Any CPU
		{688DBE87-2FED-49DE-9ED7-985815CF7B1B}.Debug|Any CPU.Build.0 = Debug|Any CPU
		{688DBE87-2FED-49DE-9ED7-985815CF7B1B}.Release|Any CPU.ActiveCfg = Release|Any CPU
		{688DBE87-2FED-49DE-9ED7-985815CF7B1B}.Release|Any CPU.Build.0 = Release|Any CPU
		{5C2EF34F-E993-4FE0-9F34-7CBD94597F7C}.Debug|Any CPU.ActiveCfg = Debug|Any CPU
		{5C2EF34F-E993-4FE0-9F34-7CBD94597F7C}.Debug|Any CPU.Build.0 = Debug|Any CPU
		{5C2EF34F-E993-4FE0-9F34-7CBD94597F7C}.Release|Any CPU.ActiveCfg = Release|Any CPU
		{5C2EF34F-E993-4FE0-9F34-7CBD94597F7C}.Release|Any CPU.Build.0 = Release|Any CPU
		{D5644ACD-35BD-43B5-B713-065AB75E466E}.Debug|Any CPU.ActiveCfg = Debug|Any CPU
		{D5644ACD-35BD-43B5-B713-065AB75E466E}.Debug|Any CPU.Build.0 = Debug|Any CPU
		{D5644ACD-35BD-43B5-B713-065AB75E466E}.Release|Any CPU.ActiveCfg = Release|Any CPU
		{D5644ACD-35BD-43B5-B713-065AB75E466E}.Release|Any CPU.Build.0 = Release|Any CPU
		{8703E6DD-BB66-487C-8F52-969AA65A0C71}.Debug|Any CPU.ActiveCfg = Debug|Any CPU
		{8703E6DD-BB66-487C-8F52-969AA65A0C71}.Debug|Any CPU.Build.0 = Debug|Any CPU
		{8703E6DD-BB66-487C-8F52-969AA65A0C71}.Release|Any CPU.ActiveCfg = Release|Any CPU
		{8703E6DD-BB66-487C-8F52-969AA65A0C71}.Release|Any CPU.Build.0 = Release|Any CPU
		{06583183-6490-4C9A-A259-6EB8BA93ED88}.Debug|Any CPU.ActiveCfg = Debug|Any CPU
		{06583183-6490-4C9A-A259-6EB8BA93ED88}.Debug|Any CPU.Build.0 = Debug|Any CPU
		{06583183-6490-4C9A-A259-6EB8BA93ED88}.Release|Any CPU.ActiveCfg = Release|Any CPU
		{06583183-6490-4C9A-A259-6EB8BA93ED88}.Release|Any CPU.Build.0 = Release|Any CPU
		{85271377-7925-4D0D-9677-5BBD9844952D}.Debug|Any CPU.ActiveCfg = Debug|Any CPU
		{85271377-7925-4D0D-9677-5BBD9844952D}.Debug|Any CPU.Build.0 = Debug|Any CPU
		{85271377-7925-4D0D-9677-5BBD9844952D}.Release|Any CPU.ActiveCfg = Release|Any CPU
		{85271377-7925-4D0D-9677-5BBD9844952D}.Release|Any CPU.Build.0 = Release|Any CPU
		{46B78B06-93F1-4125-89F0-3A8D0DCC13B0}.Debug|Any CPU.ActiveCfg = Debug|Any CPU
		{46B78B06-93F1-4125-89F0-3A8D0DCC13B0}.Debug|Any CPU.Build.0 = Debug|Any CPU
		{46B78B06-93F1-4125-89F0-3A8D0DCC13B0}.Release|Any CPU.ActiveCfg = Release|Any CPU
		{46B78B06-93F1-4125-89F0-3A8D0DCC13B0}.Release|Any CPU.Build.0 = Release|Any CPU
	EndGlobalSection
	GlobalSection(SolutionProperties) = preSolution
		HideSolutionNode = FALSE
	EndGlobalSection
	GlobalSection(NestedProjects) = preSolution
		{C421C240-BF71-4B72-8378-B9C14830FD83} = {2AA0F92A-E583-4AA5-A97A-BAB5499998B1}
		{100E670F-EB86-4BD7-AF10-FBFB5CC642B7} = {2AA0F92A-E583-4AA5-A97A-BAB5499998B1}
		{E83346FB-C83E-46A4-BEC0-6061F812486C} = {BDA2F661-C7DD-4CB4-9042-27552853CBC6}
		{688DBE87-2FED-49DE-9ED7-985815CF7B1B} = {BDA2F661-C7DD-4CB4-9042-27552853CBC6}
		{5C2EF34F-E993-4FE0-9F34-7CBD94597F7C} = {FDE7052C-284D-4F5B-BB1C-EBFC9BCA9F63}
		{D5644ACD-35BD-43B5-B713-065AB75E466E} = {FDE7052C-284D-4F5B-BB1C-EBFC9BCA9F63}
		{8703E6DD-BB66-487C-8F52-969AA65A0C71} = {FDE7052C-284D-4F5B-BB1C-EBFC9BCA9F63}
		{06583183-6490-4C9A-A259-6EB8BA93ED88} = {D0412CCA-B653-42FE-BCF2-EC29836A5C75}
		{85271377-7925-4D0D-9677-5BBD9844952D} = {D0412CCA-B653-42FE-BCF2-EC29836A5C75}
		{46B78B06-93F1-4125-89F0-3A8D0DCC13B0} = {D0412CCA-B653-42FE-BCF2-EC29836A5C75}
	EndGlobalSection
EndGlobal
